
Microsoft Visual Studio Solution File, Format Version 12.00
# Visual Studio Version 16
VisualStudioVersion = 16.0.29306.81
MinimumVisualStudioVersion = 10.0.40219.1
Project("{FAE04EC0-301F-11D3-BF4B-00C04F79EFBC}") = "LabEcotest", "WindowsFormsApp\LabEcotest.csproj", "{E86B5AF6-5390-4DB8-9389-1D874640642A}"
EndProject
Project("{FAE04EC0-301F-11D3-BF4B-00C04F79EFBC}") = "DicGoods", "DG\DicGoods.csproj", "{7011A8F6-FFE4-4081-BA12-5D7ED7B32A3F}"
EndProject
Project("{FAE04EC0-301F-11D3-BF4B-00C04F79EFBC}") = "JorChecks", "JOrders\JorChecks.csproj", "{7D4F774A-986C-4433-B3A5-7B6EA9BEA311}"
EndProject
Project("{FAE04EC0-301F-11D3-BF4B-00C04F79EFBC}") = "JResultsAdd", "JResultsAdd\JResultsAdd.csproj", "{094A437E-2B15-41E6-9B13-28E4071D17CF}"
EndProject
Project("{FAE04EC0-301F-11D3-BF4B-00C04F79EFBC}") = "JorResults", "JResults\JorResults.csproj", "{86E63A7E-C738-4C3C-B986-948B7BEB3DD1}"
EndProject
Project("{FAE04EC0-301F-11D3-BF4B-00C04F79EFBC}") = "DicClients", "DClients\DicClients.csproj", "{927F79D5-119A-4E0F-BE6D-3A58074EF22A}"
EndProject
Project("{FAE04EC0-301F-11D3-BF4B-00C04F79EFBC}") = "MACButtonLib", "MACButtonLib\MACButtonLib.csproj", "{A0A0B292-A0E5-4352-9D24-B3EA29B7E4EF}"
EndProject
Project("{FAE04EC0-301F-11D3-BF4B-00C04F79EFBC}") = "RbKey", "RbKey\RbKey.csproj", "{F696FE9D-60D2-4249-86D2-56454E071EAD}"
EndProject
Project("{FAE04EC0-301F-11D3-BF4B-00C04F79EFBC}") = "DicEmployee", "DicEmployee\DicEmployee.csproj", "{65BECAC5-65DA-4439-957A-030386AB9C01}"
EndProject
Global
	GlobalSection(SolutionConfigurationPlatforms) = preSolution
		Debug|Any CPU = Debug|Any CPU
		Release|Any CPU = Release|Any CPU
	EndGlobalSection
	GlobalSection(ProjectConfigurationPlatforms) = postSolution
		{E86B5AF6-5390-4DB8-9389-1D874640642A}.Debug|Any CPU.ActiveCfg = Debug|Any CPU
		{E86B5AF6-5390-4DB8-9389-1D874640642A}.Debug|Any CPU.Build.0 = Debug|Any CPU
		{E86B5AF6-5390-4DB8-9389-1D874640642A}.Release|Any CPU.ActiveCfg = Release|Any CPU
		{E86B5AF6-5390-4DB8-9389-1D874640642A}.Release|Any CPU.Build.0 = Release|Any CPU
		{7011A8F6-FFE4-4081-BA12-5D7ED7B32A3F}.Debug|Any CPU.ActiveCfg = Debug|Any CPU
		{7011A8F6-FFE4-4081-BA12-5D7ED7B32A3F}.Debug|Any CPU.Build.0 = Debug|Any CPU
		{7011A8F6-FFE4-4081-BA12-5D7ED7B32A3F}.Release|Any CPU.ActiveCfg = Release|Any CPU
		{7011A8F6-FFE4-4081-BA12-5D7ED7B32A3F}.Release|Any CPU.Build.0 = Release|Any CPU
		{7D4F774A-986C-4433-B3A5-7B6EA9BEA311}.Debug|Any CPU.ActiveCfg = Debug|Any CPU
		{7D4F774A-986C-4433-B3A5-7B6EA9BEA311}.Debug|Any CPU.Build.0 = Debug|Any CPU
		{7D4F774A-986C-4433-B3A5-7B6EA9BEA311}.Release|Any CPU.ActiveCfg = Release|Any CPU
		{7D4F774A-986C-4433-B3A5-7B6EA9BEA311}.Release|Any CPU.Build.0 = Release|Any CPU
		{094A437E-2B15-41E6-9B13-28E4071D17CF}.Debug|Any CPU.ActiveCfg = Debug|Any CPU
		{094A437E-2B15-41E6-9B13-28E4071D17CF}.Debug|Any CPU.Build.0 = Debug|Any CPU
		{094A437E-2B15-41E6-9B13-28E4071D17CF}.Release|Any CPU.ActiveCfg = Release|Any CPU
		{094A437E-2B15-41E6-9B13-28E4071D17CF}.Release|Any CPU.Build.0 = Release|Any CPU
		{86E63A7E-C738-4C3C-B986-948B7BEB3DD1}.Debug|Any CPU.ActiveCfg = Debug|Any CPU
		{86E63A7E-C738-4C3C-B986-948B7BEB3DD1}.Debug|Any CPU.Build.0 = Debug|Any CPU
		{86E63A7E-C738-4C3C-B986-948B7BEB3DD1}.Release|Any CPU.ActiveCfg = Release|Any CPU
		{86E63A7E-C738-4C3C-B986-948B7BEB3DD1}.Release|Any CPU.Build.0 = Release|Any CPU
		{927F79D5-119A-4E0F-BE6D-3A58074EF22A}.Debug|Any CPU.ActiveCfg = Debug|Any CPU
		{927F79D5-119A-4E0F-BE6D-3A58074EF22A}.Debug|Any CPU.Build.0 = Debug|Any CPU
		{927F79D5-119A-4E0F-BE6D-3A58074EF22A}.Release|Any CPU.ActiveCfg = Release|Any CPU
		{927F79D5-119A-4E0F-BE6D-3A58074EF22A}.Release|Any CPU.Build.0 = Release|Any CPU
		{A0A0B292-A0E5-4352-9D24-B3EA29B7E4EF}.Debug|Any CPU.ActiveCfg = Debug|Any CPU
		{A0A0B292-A0E5-4352-9D24-B3EA29B7E4EF}.Debug|Any CPU.Build.0 = Debug|Any CPU
		{A0A0B292-A0E5-4352-9D24-B3EA29B7E4EF}.Release|Any CPU.ActiveCfg = Release|Any CPU
		{A0A0B292-A0E5-4352-9D24-B3EA29B7E4EF}.Release|Any CPU.Build.0 = Release|Any CPU
		{F696FE9D-60D2-4249-86D2-56454E071EAD}.Debug|Any CPU.ActiveCfg = Debug|Any CPU
		{F696FE9D-60D2-4249-86D2-56454E071EAD}.Debug|Any CPU.Build.0 = Debug|Any CPU
		{F696FE9D-60D2-4249-86D2-56454E071EAD}.Release|Any CPU.ActiveCfg = Release|Any CPU
		{F696FE9D-60D2-4249-86D2-56454E071EAD}.Release|Any CPU.Build.0 = Release|Any CPU
		{65BECAC5-65DA-4439-957A-030386AB9C01}.Debug|Any CPU.ActiveCfg = Debug|Any CPU
		{65BECAC5-65DA-4439-957A-030386AB9C01}.Debug|Any CPU.Build.0 = Debug|Any CPU
		{65BECAC5-65DA-4439-957A-030386AB9C01}.Release|Any CPU.ActiveCfg = Release|Any CPU
		{65BECAC5-65DA-4439-957A-030386AB9C01}.Release|Any CPU.Build.0 = Release|Any CPU
	EndGlobalSection
	GlobalSection(SolutionProperties) = preSolution
		HideSolutionNode = FALSE
	EndGlobalSection
	GlobalSection(ExtensibilityGlobals) = postSolution
		SolutionGuid = {2A9AA636-6C27-45C3-9814-7AC42A81E38D}
	EndGlobalSection
EndGlobal
